// !$*UTF8*$!
{
	archiveVersion = 1;
	classes = {
	};
	objectVersion = 77;
	objects = {

/* Begin PBXBuildFile section */
		149D5ECE2E5CBBCE00F1730F /* FirebaseAI in Frameworks */ = {isa = PBXBuildFile; productRef = 149D5ECD2E5CBBCE00F1730F /* FirebaseAI */; };
		149D5ED02E5CBBCE00F1730F /* FirebaseAnalytics in Frameworks */ = {isa = PBXBuildFile; productRef = 149D5ECF2E5CBBCE00F1730F /* FirebaseAnalytics */; };
		149D5ED22E5CBBCE00F1730F /* FirebaseAnalyticsCore in Frameworks */ = {isa = PBXBuildFile; productRef = 149D5ED12E5CBBCE00F1730F /* FirebaseAnalyticsCore */; };
		149D5ED42E5CBBCE00F1730F /* FirebaseAnalyticsIdentitySupport in Frameworks */ = {isa = PBXBuildFile; productRef = 149D5ED32E5CBBCE00F1730F /* FirebaseAnalyticsIdentitySupport */; };
		149D5ED62E5CBBCE00F1730F /* FirebaseAppCheck in Frameworks */ = {isa = PBXBuildFile; productRef = 149D5ED52E5CBBCE00F1730F /* FirebaseAppCheck */; };
		14A84A882F0E70BE008D79C4 /* RecentCollectionCardView.swift in Sources */ = {isa = PBXBuildFile; fileRef = 14A84A872F0E70BC008D79C4 /* RecentCollectionCardView.swift */; };
		14A84A8A2F0E7253008D79C4 /* SearchBarView.swift in Sources */ = {isa = PBXBuildFile; fileRef = 14A84A892F0E7252008D79C4 /* SearchBarView.swift */; };
		14A84A8C2F0EB2E1008D79C4 /* SearchRecentCollectionsUseCase.swift in Sources */ = {isa = PBXBuildFile; fileRef = 14A84A8B2F0EB2D9008D79C4 /* SearchRecentCollectionsUseCase.swift */; };
		14BA7DE42E610055009B013D /* FirebaseCore in Frameworks */ = {isa = PBXBuildFile; productRef = 14BA7DE32E610055009B013D /* FirebaseCore */; };
		14C0FCBE2E61E97000F0CBE7 /* FirebaseDatabase in Frameworks */ = {isa = PBXBuildFile; productRef = 14C0FCBD2E61E97000F0CBE7 /* FirebaseDatabase */; };
		14C0FCC12E61EDA800F0CBE7 /* Algorithms in Frameworks */ = {isa = PBXBuildFile; productRef = 14C0FCC02E61EDA800F0CBE7 /* Algorithms */; };
		14FC0CBC2F0C595A0096D380 /* NextNFTApp.swift in Sources */ = {isa = PBXBuildFile; fileRef = 14FC0C5D2F0C595A0096D380 /* NextNFTApp.swift */; };
		14FC0CBD2F0C595A0096D380 /* AppColors.swift in Sources */ = {isa = PBXBuildFile; fileRef = 14FC0C602F0C595A0096D380 /* AppColors.swift */; };
		14FC0CBE2F0C595A0096D380 /* CustomButtonModifier.swift in Sources */ = {isa = PBXBuildFile; fileRef = 14FC0C612F0C595A0096D380 /* CustomButtonModifier.swift */; };
		14FC0CBF2F0C595A0096D380 /* HomeRepository.swift in Sources */ = {isa = PBXBuildFile; fileRef = 14FC0C642F0C595A0096D380 /* HomeRepository.swift */; };
		14FC0CC02F0C595A0096D380 /* NFTCollection.swift in Sources */ = {isa = PBXBuildFile; fileRef = 14FC0C672F0C595A0096D380 /* NFTCollection.swift */; };
		14FC0CC12F0C595A0096D380 /* NFTModel.swift in Sources */ = {isa = PBXBuildFile; fileRef = 14FC0C682F0C595A0096D380 /* NFTModel.swift */; };
		14FC0CC22F0C595A0096D380 /* GetCollectionsUseCase.swift in Sources */ = {isa = PBXBuildFile; fileRef = 14FC0C6A2F0C595A0096D380 /* GetCollectionsUseCase.swift */; };
		14FC0CC32F0C595A0096D380 /* GetNFTsUseCase.swift in Sources */ = {isa = PBXBuildFile; fileRef = 14FC0C6B2F0C595A0096D380 /* GetNFTsUseCase.swift */; };
		14FC0CC42F0C595A0096D380 /* CollectionNFTsViewModel.swift in Sources */ = {isa = PBXBuildFile; fileRef = 14FC0C6E2F0C595A0096D380 /* CollectionNFTsViewModel.swift */; };
		14FC0CC52F0C595A0096D380 /* HomeViewModel.swift in Sources */ = {isa = PBXBuildFile; fileRef = 14FC0C6F2F0C595A0096D380 /* HomeViewModel.swift */; };
		14FC0CC62F0C595A0096D380 /* HomeHeaderView.swift in Sources */ = {isa = PBXBuildFile; fileRef = 14FC0C712F0C595A0096D380 /* HomeHeaderView.swift */; };
		14FC0CC72F0C595A0096D380 /* NFTItemCardView.swift in Sources */ = {isa = PBXBuildFile; fileRef = 14FC0C732F0C595A0096D380 /* NFTItemCardView.swift */; };
		14FC0CC82F0C595A0096D380 /* NFTItemListView.swift in Sources */ = {isa = PBXBuildFile; fileRef = 14FC0C742F0C595A0096D380 /* NFTItemListView.swift */; };
		14FC0CC92F0C595A0096D380 /* CollectionCardVIew.swift in Sources */ = {isa = PBXBuildFile; fileRef = 14FC0C762F0C595A0096D380 /* CollectionCardVIew.swift */; };
		14FC0CCA2F0C595A0096D380 /* CollectionContainerListView.swift in Sources */ = {isa = PBXBuildFile; fileRef = 14FC0C772F0C595A0096D380 /* CollectionContainerListView.swift */; };
		14FC0CCB2F0C595A0096D380 /* CollectionContainerView.swift in Sources */ = {isa = PBXBuildFile; fileRef = 14FC0C782F0C595A0096D380 /* CollectionContainerView.swift */; };
		14FC0CCC2F0C595A0096D380 /* CollectionInfoView.swift in Sources */ = {isa = PBXBuildFile; fileRef = 14FC0C792F0C595A0096D380 /* CollectionInfoView.swift */; };
		14FC0CCD2F0C595A0096D380 /* CollectionListView.swift in Sources */ = {isa = PBXBuildFile; fileRef = 14FC0C7A2F0C595A0096D380 /* CollectionListView.swift */; };
		14FC0CCE2F0C595A0096D380 /* CollectionProfileView.swift in Sources */ = {isa = PBXBuildFile; fileRef = 14FC0C7B2F0C595A0096D380 /* CollectionProfileView.swift */; };
		14FC0CCF2F0C595A0096D380 /* TrendingView.swift in Sources */ = {isa = PBXBuildFile; fileRef = 14FC0C7C2F0C595A0096D380 /* TrendingView.swift */; };
		14FC0CD02F0C595A0096D380 /* HomeView.swift in Sources */ = {isa = PBXBuildFile; fileRef = 14FC0C7E2F0C595A0096D380 /* HomeView.swift */; };
		14FC0CD12F0C595A0096D380 /* SearchRemoteDataSourceProtocol.swift in Sources */ = {isa = PBXBuildFile; fileRef = 14FC0C822F0C595A0096D380 /* SearchRemoteDataSourceProtocol.swift */; };
		14FC0CD22F0C595A0096D380 /* SearchRepository.swift in Sources */ = {isa = PBXBuildFile; fileRef = 14FC0C832F0C595A0096D380 /* SearchRepository.swift */; };
		14FC0CD32F0C595A0096D380 /* SearchRepositoryProtocol.swift in Sources */ = {isa = PBXBuildFile; fileRef = 14FC0C842F0C595A0096D380 /* SearchRepositoryProtocol.swift */; };
		14FC0CD42F0C595A0096D380 /* OpenSeaRemoteDataSource.swift in Sources */ = {isa = PBXBuildFile; fileRef = 14FC0C862F0C595A0096D380 /* OpenSeaRemoteDataSource.swift */; };
		14FC0CD52F0C595A0096D380 /* SearchCollectionsUseCase.swift in Sources */ = {isa = PBXBuildFile; fileRef = 14FC0C8A2F0C595A0096D380 /* SearchCollectionsUseCase.swift */; };
		14FC0CD62F0C595A0096D380 /* SearchNFTsUseCase.swift in Sources */ = {isa = PBXBuildFile; fileRef = 14FC0C8B2F0C595A0096D380 /* SearchNFTsUseCase.swift */; };
		14FC0CD72F0C595A0096D380 /* SearchRecentCollectionsSection.swift in Sources */ = {isa = PBXBuildFile; fileRef = 14FC0C8E2F0C595A0096D380 /* SearchRecentCollectionsSection.swift */; };
		14FC0CD82F0C595A0096D380 /* SearchFilterChipsView.swift in Sources */ = {isa = PBXBuildFile; fileRef = 14FC0C902F0C595A0096D380 /* SearchFilterChipsView.swift */; };
		14FC0CD92F0C595A0096D380 /* SearchHeaderView.swift in Sources */ = {isa = PBXBuildFile; fileRef = 14FC0C912F0C595A0096D380 /* SearchHeaderView.swift */; };
		14FC0CDA2F0C595A0096D380 /* ActionButton.swift in Sources */ = {isa = PBXBuildFile; fileRef = 14FC0C932F0C595A0096D380 /* ActionButton.swift */; };
		14FC0CDB2F0C595A0096D380 /* NFTCollectionCardView.swift in Sources */ = {isa = PBXBuildFile; fileRef = 14FC0C942F0C595A0096D380 /* NFTCollectionCardView.swift */; };
		14FC0CDC2F0C595A0096D380 /* SearchTopSearchSection.swift in Sources */ = {isa = PBXBuildFile; fileRef = 14FC0C952F0C595A0096D380 /* SearchTopSearchSection.swift */; };
		14FC0CDD2F0C595A0096D380 /* SearchViewModel.swift in Sources */ = {isa = PBXBuildFile; fileRef = 14FC0C972F0C595A0096D380 /* SearchViewModel.swift */; };
		14FC0CDE2F0C595A0096D380 /* SearchPageView.swift in Sources */ = {isa = PBXBuildFile; fileRef = 14FC0C992F0C595A0096D380 /* SearchPageView.swift */; };
		14FC0CDF2F0C595A0096D380 /* RoundedCorner.swift in Sources */ = {isa = PBXBuildFile; fileRef = 14FC0C9C2F0C595A0096D380 /* RoundedCorner.swift */; };
		14FC0CE02F0C595A0096D380 /* TabbedItems.swift in Sources */ = {isa = PBXBuildFile; fileRef = 14FC0C9D2F0C595A0096D380 /* TabbedItems.swift */; };
		14FC0CE12F0C595A0096D380 /* Endpoint.swift in Sources */ = {isa = PBXBuildFile; fileRef = 14FC0CA12F0C595A0096D380 /* Endpoint.swift */; };
		14FC0CE22F0C595A0096D380 /* HTTPMethod.swift in Sources */ = {isa = PBXBuildFile; fileRef = 14FC0CA22F0C595A0096D380 /* HTTPMethod.swift */; };
		14FC0CE32F0C595A0096D380 /* NetworkService.swift in Sources */ = {isa = PBXBuildFile; fileRef = 14FC0CA32F0C595A0096D380 /* NetworkService.swift */; };
		14FC0CE42F0C595A0096D380 /* NetworkServiceProtocol.swift in Sources */ = {isa = PBXBuildFile; fileRef = 14FC0CA42F0C595A0096D380 /* NetworkServiceProtocol.swift */; };
		14FC0CE52F0C595A0096D380 /* HomeRemoteDataSourceProtocol.swift in Sources */ = {isa = PBXBuildFile; fileRef = 14FC0CA62F0C595A0096D380 /* HomeRemoteDataSourceProtocol.swift */; };
		14FC0CE62F0C595A0096D380 /* RemoteDataSourceProtocol.swift in Sources */ = {isa = PBXBuildFile; fileRef = 14FC0CA72F0C595A0096D380 /* RemoteDataSourceProtocol.swift */; };
		14FC0CE72F0C595A0096D380 /* CollectionDTO.swift in Sources */ = {isa = PBXBuildFile; fileRef = 14FC0CA92F0C595A0096D380 /* CollectionDTO.swift */; };
		14FC0CE82F0C595A0096D380 /* NFTDTO.swift in Sources */ = {isa = PBXBuildFile; fileRef = 14FC0CAA2F0C595A0096D380 /* NFTDTO.swift */; };
		14FC0CE92F0C595A0096D380 /* EndpointType.swift in Sources */ = {isa = PBXBuildFile; fileRef = 14FC0CAC2F0C595A0096D380 /* EndpointType.swift */; };
		14FC0CEA2F0C595A0096D380 /* OpenSeaEndpoint.swift in Sources */ = {isa = PBXBuildFile; fileRef = 14FC0CAD2F0C595A0096D380 /* OpenSeaEndpoint.swift */; };
		14FC0CEB2F0C595A0096D380 /* CollectionsResponseDTO.swift in Sources */ = {isa = PBXBuildFile; fileRef = 14FC0CAF2F0C595A0096D380 /* CollectionsResponseDTO.swift */; };
		14FC0CEC2F0C595A0096D380 /* NFTResponseDTO.swift in Sources */ = {isa = PBXBuildFile; fileRef = 14FC0CB02F0C595A0096D380 /* NFTResponseDTO.swift */; };
		14FC0CED2F0C595A0096D380 /* NetworkManager.swift in Sources */ = {isa = PBXBuildFile; fileRef = 14FC0CB22F0C595A0096D380 /* NetworkManager.swift */; };
		14FC0CEE2F0C595A0096D380 /* ContentView.swift in Sources */ = {isa = PBXBuildFile; fileRef = 14FC0CB92F0C595A0096D380 /* ContentView.swift */; };
		14FC0CEF2F0C595A0096D380 /* Assets.xcassets in Resources */ = {isa = PBXBuildFile; fileRef = 14FC0CB42F0C595A0096D380 /* Assets.xcassets */; };
		14FC0CF02F0C595A0096D380 /* Storyboard.storyboard in Resources */ = {isa = PBXBuildFile; fileRef = 14FC0CB52F0C595A0096D380 /* Storyboard.storyboard */; };
		14FD13A22F0FAE05003A7C8D /* FetchRecentCollectionsUseCase.swift in Sources */ = {isa = PBXBuildFile; fileRef = 14FD13A12F0FAE03003A7C8D /* FetchRecentCollectionsUseCase.swift */; };
		1761B6A62F34B44A0097CADB /* ImageColorAnalyzer.swift in Sources */ = {isa = PBXBuildFile; fileRef = 1761B6A52F34B4430097CADB /* ImageColorAnalyzer.swift */; };
		1761B6A82F34D11E0097CADB /* NFTCardViewModel.swift in Sources */ = {isa = PBXBuildFile; fileRef = 1761B6A72F34D11C0097CADB /* NFTCardViewModel.swift */; };
		177EF9FB2F28C1A8002A0FF1 /* GoogleService-Info.plist in Resources */ = {isa = PBXBuildFile; fileRef = 177EF9FA2F28C1A8002A0FF1 /* GoogleService-Info.plist */; };
		177EF9FC2F28C1A8002A0FF1 /* GoogleService-Info.plist in Resources */ = {isa = PBXBuildFile; fileRef = 177EF9FA2F28C1A8002A0FF1 /* GoogleService-Info.plist */; };
		177EFA002F28D419002A0FF1 /* CustomNFTCardView.swift in Sources */ = {isa = PBXBuildFile; fileRef = 177EF9FF2F28D3DD002A0FF1 /* CustomNFTCardView.swift */; };
		17AFE13D2F2A4CC30015483D /* NFTCarouselView.swift in Sources */ = {isa = PBXBuildFile; fileRef = 17AFE13C2F2A4CB20015483D /* NFTCarouselView.swift */; };
/* End PBXBuildFile section */

/* Begin PBXContainerItemProxy section */
		1411695A2F08341600E70061 /* PBXContainerItemProxy */ = {
			isa = PBXContainerItemProxy;
			containerPortal = 1488C1272E24063F005FD00C /* Project object */;
			proxyType = 1;
			remoteGlobalIDString = 1488C12E2E24063F005FD00C;
			remoteInfo = NextNFT;
		};
/* End PBXContainerItemProxy section */

/* Begin PBXFileReference section */
		141169562F08341600E70061 /* NextNFTTests.xctest */ = {isa = PBXFileReference; explicitFileType = wrapper.cfbundle; includeInIndex = 0; path = NextNFTTests.xctest; sourceTree = BUILT_PRODUCTS_DIR; };
		1488C12F2E24063F005FD00C /* NextNFT.app */ = {isa = PBXFileReference; explicitFileType = wrapper.application; includeInIndex = 0; path = NextNFT.app; sourceTree = BUILT_PRODUCTS_DIR; };
		14A84A872F0E70BC008D79C4 /* RecentCollectionCardView.swift */ = {isa = PBXFileReference; lastKnownFileType = sourcecode.swift; path = RecentCollectionCardView.swift; sourceTree = "<group>"; };
		14A84A892F0E7252008D79C4 /* SearchBarView.swift */ = {isa = PBXFileReference; lastKnownFileType = sourcecode.swift; path = SearchBarView.swift; sourceTree = "<group>"; };
		14A84A8B2F0EB2D9008D79C4 /* SearchRecentCollectionsUseCase.swift */ = {isa = PBXFileReference; lastKnownFileType = sourcecode.swift; path = SearchRecentCollectionsUseCase.swift; sourceTree = "<group>"; };
		14FC0C5D2F0C595A0096D380 /* NextNFTApp.swift */ = {isa = PBXFileReference; lastKnownFileType = sourcecode.swift; path = NextNFTApp.swift; sourceTree = "<group>"; };
		14FC0C602F0C595A0096D380 /* AppColors.swift */ = {isa = PBXFileReference; lastKnownFileType = sourcecode.swift; path = AppColors.swift; sourceTree = "<group>"; };
		14FC0C612F0C595A0096D380 /* CustomButtonModifier.swift */ = {isa = PBXFileReference; lastKnownFileType = sourcecode.swift; path = CustomButtonModifier.swift; sourceTree = "<group>"; };
		14FC0C642F0C595A0096D380 /* HomeRepository.swift */ = {isa = PBXFileReference; lastKnownFileType = sourcecode.swift; path = HomeRepository.swift; sourceTree = "<group>"; };
		14FC0C672F0C595A0096D380 /* NFTCollection.swift */ = {isa = PBXFileReference; lastKnownFileType = sourcecode.swift; path = NFTCollection.swift; sourceTree = "<group>"; };
		14FC0C682F0C595A0096D380 /* NFTModel.swift */ = {isa = PBXFileReference; lastKnownFileType = sourcecode.swift; path = NFTModel.swift; sourceTree = "<group>"; };
		14FC0C6A2F0C595A0096D380 /* GetCollectionsUseCase.swift */ = {isa = PBXFileReference; lastKnownFileType = sourcecode.swift; path = GetCollectionsUseCase.swift; sourceTree = "<group>"; };
		14FC0C6B2F0C595A0096D380 /* GetNFTsUseCase.swift */ = {isa = PBXFileReference; lastKnownFileType = sourcecode.swift; path = GetNFTsUseCase.swift; sourceTree = "<group>"; };
		14FC0C6E2F0C595A0096D380 /* CollectionNFTsViewModel.swift */ = {isa = PBXFileReference; lastKnownFileType = sourcecode.swift; path = CollectionNFTsViewModel.swift; sourceTree = "<group>"; };
		14FC0C6F2F0C595A0096D380 /* HomeViewModel.swift */ = {isa = PBXFileReference; lastKnownFileType = sourcecode.swift; path = HomeViewModel.swift; sourceTree = "<group>"; };
		14FC0C712F0C595A0096D380 /* HomeHeaderView.swift */ = {isa = PBXFileReference; lastKnownFileType = sourcecode.swift; path = HomeHeaderView.swift; sourceTree = "<group>"; };
		14FC0C732F0C595A0096D380 /* NFTItemCardView.swift */ = {isa = PBXFileReference; lastKnownFileType = sourcecode.swift; path = NFTItemCardView.swift; sourceTree = "<group>"; };
		14FC0C742F0C595A0096D380 /* NFTItemListView.swift */ = {isa = PBXFileReference; lastKnownFileType = sourcecode.swift; path = NFTItemListView.swift; sourceTree = "<group>"; };
		14FC0C762F0C595A0096D380 /* CollectionCardVIew.swift */ = {isa = PBXFileReference; lastKnownFileType = sourcecode.swift; path = CollectionCardVIew.swift; sourceTree = "<group>"; };
		14FC0C772F0C595A0096D380 /* CollectionContainerListView.swift */ = {isa = PBXFileReference; lastKnownFileType = sourcecode.swift; path = CollectionContainerListView.swift; sourceTree = "<group>"; };
		14FC0C782F0C595A0096D380 /* CollectionContainerView.swift */ = {isa = PBXFileReference; lastKnownFileType = sourcecode.swift; path = CollectionContainerView.swift; sourceTree = "<group>"; };
		14FC0C792F0C595A0096D380 /* CollectionInfoView.swift */ = {isa = PBXFileReference; lastKnownFileType = sourcecode.swift; path = CollectionInfoView.swift; sourceTree = "<group>"; };
		14FC0C7A2F0C595A0096D380 /* CollectionListView.swift */ = {isa = PBXFileReference; lastKnownFileType = sourcecode.swift; path = CollectionListView.swift; sourceTree = "<group>"; };
		14FC0C7B2F0C595A0096D380 /* CollectionProfileView.swift */ = {isa = PBXFileReference; lastKnownFileType = sourcecode.swift; path = CollectionProfileView.swift; sourceTree = "<group>"; };
		14FC0C7C2F0C595A0096D380 /* TrendingView.swift */ = {isa = PBXFileReference; lastKnownFileType = sourcecode.swift; path = TrendingView.swift; sourceTree = "<group>"; };
		14FC0C7E2F0C595A0096D380 /* HomeView.swift */ = {isa = PBXFileReference; lastKnownFileType = sourcecode.swift; path = HomeView.swift; sourceTree = "<group>"; };
		14FC0C822F0C595A0096D380 /* SearchRemoteDataSourceProtocol.swift */ = {isa = PBXFileReference; lastKnownFileType = sourcecode.swift; path = SearchRemoteDataSourceProtocol.swift; sourceTree = "<group>"; };
		14FC0C832F0C595A0096D380 /* SearchRepository.swift */ = {isa = PBXFileReference; lastKnownFileType = sourcecode.swift; path = SearchRepository.swift; sourceTree = "<group>"; };
		14FC0C842F0C595A0096D380 /* SearchRepositoryProtocol.swift */ = {isa = PBXFileReference; lastKnownFileType = sourcecode.swift; path = SearchRepositoryProtocol.swift; sourceTree = "<group>"; };
		14FC0C862F0C595A0096D380 /* OpenSeaRemoteDataSource.swift */ = {isa = PBXFileReference; lastKnownFileType = sourcecode.swift; path = OpenSeaRemoteDataSource.swift; sourceTree = "<group>"; };
		14FC0C8A2F0C595A0096D380 /* SearchCollectionsUseCase.swift */ = {isa = PBXFileReference; lastKnownFileType = sourcecode.swift; path = SearchCollectionsUseCase.swift; sourceTree = "<group>"; };
		14FC0C8B2F0C595A0096D380 /* SearchNFTsUseCase.swift */ = {isa = PBXFileReference; lastKnownFileType = sourcecode.swift; path = SearchNFTsUseCase.swift; sourceTree = "<group>"; };
		14FC0C8E2F0C595A0096D380 /* SearchRecentCollectionsSection.swift */ = {isa = PBXFileReference; lastKnownFileType = sourcecode.swift; path = SearchRecentCollectionsSection.swift; sourceTree = "<group>"; };
		14FC0C902F0C595A0096D380 /* SearchFilterChipsView.swift */ = {isa = PBXFileReference; lastKnownFileType = sourcecode.swift; path = SearchFilterChipsView.swift; sourceTree = "<group>"; };
		14FC0C912F0C595A0096D380 /* SearchHeaderView.swift */ = {isa = PBXFileReference; lastKnownFileType = sourcecode.swift; path = SearchHeaderView.swift; sourceTree = "<group>"; };
		14FC0C932F0C595A0096D380 /* ActionButton.swift */ = {isa = PBXFileReference; lastKnownFileType = sourcecode.swift; path = ActionButton.swift; sourceTree = "<group>"; };
		14FC0C942F0C595A0096D380 /* NFTCollectionCardView.swift */ = {isa = PBXFileReference; lastKnownFileType = sourcecode.swift; path = NFTCollectionCardView.swift; sourceTree = "<group>"; };
		14FC0C952F0C595A0096D380 /* SearchTopSearchSection.swift */ = {isa = PBXFileReference; lastKnownFileType = sourcecode.swift; path = SearchTopSearchSection.swift; sourceTree = "<group>"; };
		14FC0C972F0C595A0096D380 /* SearchViewModel.swift */ = {isa = PBXFileReference; lastKnownFileType = sourcecode.swift; path = SearchViewModel.swift; sourceTree = "<group>"; };
		14FC0C992F0C595A0096D380 /* SearchPageView.swift */ = {isa = PBXFileReference; lastKnownFileType = sourcecode.swift; path = SearchPageView.swift; sourceTree = "<group>"; };
		14FC0C9C2F0C595A0096D380 /* RoundedCorner.swift */ = {isa = PBXFileReference; lastKnownFileType = sourcecode.swift; path = RoundedCorner.swift; sourceTree = "<group>"; };
		14FC0C9D2F0C595A0096D380 /* TabbedItems.swift */ = {isa = PBXFileReference; lastKnownFileType = sourcecode.swift; path = TabbedItems.swift; sourceTree = "<group>"; };
		14FC0CA12F0C595A0096D380 /* Endpoint.swift */ = {isa = PBXFileReference; lastKnownFileType = sourcecode.swift; path = Endpoint.swift; sourceTree = "<group>"; };
		14FC0CA22F0C595A0096D380 /* HTTPMethod.swift */ = {isa = PBXFileReference; lastKnownFileType = sourcecode.swift; path = HTTPMethod.swift; sourceTree = "<group>"; };
		14FC0CA32F0C595A0096D380 /* NetworkService.swift */ = {isa = PBXFileReference; lastKnownFileType = sourcecode.swift; path = NetworkService.swift; sourceTree = "<group>"; };
		14FC0CA42F0C595A0096D380 /* NetworkServiceProtocol.swift */ = {isa = PBXFileReference; lastKnownFileType = sourcecode.swift; path = NetworkServiceProtocol.swift; sourceTree = "<group>"; };
		14FC0CA62F0C595A0096D380 /* HomeRemoteDataSourceProtocol.swift */ = {isa = PBXFileReference; lastKnownFileType = sourcecode.swift; path = HomeRemoteDataSourceProtocol.swift; sourceTree = "<group>"; };
		14FC0CA72F0C595A0096D380 /* RemoteDataSourceProtocol.swift */ = {isa = PBXFileReference; lastKnownFileType = sourcecode.swift; path = RemoteDataSourceProtocol.swift; sourceTree = "<group>"; };
		14FC0CA92F0C595A0096D380 /* CollectionDTO.swift */ = {isa = PBXFileReference; lastKnownFileType = sourcecode.swift; path = CollectionDTO.swift; sourceTree = "<group>"; };
		14FC0CAA2F0C595A0096D380 /* NFTDTO.swift */ = {isa = PBXFileReference; lastKnownFileType = sourcecode.swift; path = NFTDTO.swift; sourceTree = "<group>"; };
		14FC0CAC2F0C595A0096D380 /* EndpointType.swift */ = {isa = PBXFileReference; lastKnownFileType = sourcecode.swift; path = EndpointType.swift; sourceTree = "<group>"; };
		14FC0CAD2F0C595A0096D380 /* OpenSeaEndpoint.swift */ = {isa = PBXFileReference; lastKnownFileType = sourcecode.swift; path = OpenSeaEndpoint.swift; sourceTree = "<group>"; };
		14FC0CAF2F0C595A0096D380 /* CollectionsResponseDTO.swift */ = {isa = PBXFileReference; lastKnownFileType = sourcecode.swift; path = CollectionsResponseDTO.swift; sourceTree = "<group>"; };
		14FC0CB02F0C595A0096D380 /* NFTResponseDTO.swift */ = {isa = PBXFileReference; lastKnownFileType = sourcecode.swift; path = NFTResponseDTO.swift; sourceTree = "<group>"; };
		14FC0CB22F0C595A0096D380 /* NetworkManager.swift */ = {isa = PBXFileReference; lastKnownFileType = sourcecode.swift; path = NetworkManager.swift; sourceTree = "<group>"; };
		14FC0CB42F0C595A0096D380 /* Assets.xcassets */ = {isa = PBXFileReference; lastKnownFileType = folder.assetcatalog; path = Assets.xcassets; sourceTree = "<group>"; };
		14FC0CB52F0C595A0096D380 /* Storyboard.storyboard */ = {isa = PBXFileReference; lastKnownFileType = file.storyboard; path = Storyboard.storyboard; sourceTree = "<group>"; };
		14FC0CB92F0C595A0096D380 /* ContentView.swift */ = {isa = PBXFileReference; lastKnownFileType = sourcecode.swift; path = ContentView.swift; sourceTree = "<group>"; };
		14FD13A12F0FAE03003A7C8D /* FetchRecentCollectionsUseCase.swift */ = {isa = PBXFileReference; lastKnownFileType = sourcecode.swift; path = FetchRecentCollectionsUseCase.swift; sourceTree = "<group>"; };
		1761B6A52F34B4430097CADB /* ImageColorAnalyzer.swift */ = {isa = PBXFileReference; lastKnownFileType = sourcecode.swift; path = ImageColorAnalyzer.swift; sourceTree = "<group>"; };
		1761B6A72F34D11C0097CADB /* NFTCardViewModel.swift */ = {isa = PBXFileReference; lastKnownFileType = sourcecode.swift; path = NFTCardViewModel.swift; sourceTree = "<group>"; };
		177EF9FA2F28C1A8002A0FF1 /* GoogleService-Info.plist */ = {isa = PBXFileReference; lastKnownFileType = text.plist.xml; path = "GoogleService-Info.plist"; sourceTree = "<group>"; };
		177EF9FF2F28D3DD002A0FF1 /* CustomNFTCardView.swift */ = {isa = PBXFileReference; lastKnownFileType = sourcecode.swift; path = CustomNFTCardView.swift; sourceTree = "<group>"; };
		17AFE13C2F2A4CB20015483D /* NFTCarouselView.swift */ = {isa = PBXFileReference; lastKnownFileType = sourcecode.swift; path = NFTCarouselView.swift; sourceTree = "<group>"; };
/* End PBXFileReference section */

/* Begin PBXFileSystemSynchronizedRootGroup section */
		141169572F08341600E70061 /* NextNFTTests */ = {
			isa = PBXFileSystemSynchronizedRootGroup;
			path = NextNFTTests;
			sourceTree = "<group>";
		};
		14A672D72F2143CA00B7B599 /* Assets */ = {
			isa = PBXFileSystemSynchronizedRootGroup;
			path = Assets;
			sourceTree = "<group>";
		};
/* End PBXFileSystemSynchronizedRootGroup section */

/* Begin PBXFrameworksBuildPhase section */
		141169532F08341600E70061 /* Frameworks */ = {
			isa = PBXFrameworksBuildPhase;
			buildActionMask = 2147483647;
			files = (
			);
			runOnlyForDeploymentPostprocessing = 0;
		};
		1488C12C2E24063F005FD00C /* Frameworks */ = {
			isa = PBXFrameworksBuildPhase;
			buildActionMask = 2147483647;
			files = (
				149D5ED42E5CBBCE00F1730F /* FirebaseAnalyticsIdentitySupport in Frameworks */,
				149D5ED02E5CBBCE00F1730F /* FirebaseAnalytics in Frameworks */,
				149D5ED22E5CBBCE00F1730F /* FirebaseAnalyticsCore in Frameworks */,
				14BA7DE42E610055009B013D /* FirebaseCore in Frameworks */,
				14C0FCC12E61EDA800F0CBE7 /* Algorithms in Frameworks */,
				149D5ED62E5CBBCE00F1730F /* FirebaseAppCheck in Frameworks */,
				14C0FCBE2E61E97000F0CBE7 /* FirebaseDatabase in Frameworks */,
				149D5ECE2E5CBBCE00F1730F /* FirebaseAI in Frameworks */,
			);
			runOnlyForDeploymentPostprocessing = 0;
		};
/* End PBXFrameworksBuildPhase section */

/* Begin PBXGroup section */
		1488C1262E24063F005FD00C = {
			isa = PBXGroup;
			children = (
				177EF9FA2F28C1A8002A0FF1 /* GoogleService-Info.plist */,
				14FC0CBB2F0C595A0096D380 /* NextNFT */,
				141169572F08341600E70061 /* NextNFTTests */,
				149D5EDA2E5F357300F1730F /* Frameworks */,
				1488C1302E24063F005FD00C /* Products */,
			);
			sourceTree = "<group>";
		};
		1488C1302E24063F005FD00C /* Products */ = {
			isa = PBXGroup;
			children = (
				1488C12F2E24063F005FD00C /* NextNFT.app */,
				141169562F08341600E70061 /* NextNFTTests.xctest */,
			);
			name = Products;
			sourceTree = "<group>";
		};
		149D5EDA2E5F357300F1730F /* Frameworks */ = {
			isa = PBXGroup;
			children = (
			);
			name = Frameworks;
			sourceTree = "<group>";
		};
		14FC0C5E2F0C595A0096D380 /* App */ = {
			isa = PBXGroup;
			children = (
				14FC0C5D2F0C595A0096D380 /* NextNFTApp.swift */,
			);
			path = App;
			sourceTree = "<group>";
		};
		14FC0C622F0C595A0096D380 /* Helpers */ = {
			isa = PBXGroup;
			children = (
				1761B6A52F34B4430097CADB /* ImageColorAnalyzer.swift */,
				14FC0C602F0C595A0096D380 /* AppColors.swift */,
				14FC0C612F0C595A0096D380 /* CustomButtonModifier.swift */,
			);
			path = Helpers;
			sourceTree = "<group>";
		};
		14FC0C632F0C595A0096D380 /* Extensions */ = {
			isa = PBXGroup;
			children = (
				14FC0C622F0C595A0096D380 /* Helpers */,
			);
			path = Extensions;
			sourceTree = "<group>";
		};
		14FC0C652F0C595A0096D380 /* Repository */ = {
			isa = PBXGroup;
			children = (
				14FC0C642F0C595A0096D380 /* HomeRepository.swift */,
			);
			path = Repository;
			sourceTree = "<group>";
		};
		14FC0C662F0C595A0096D380 /* Data */ = {
			isa = PBXGroup;
			children = (
				14FC0C652F0C595A0096D380 /* Repository */,
			);
			path = Data;
			sourceTree = "<group>";
		};
		14FC0C692F0C595A0096D380 /* Entity */ = {
			isa = PBXGroup;
			children = (
				14FC0C672F0C595A0096D380 /* NFTCollection.swift */,
				14FC0C682F0C595A0096D380 /* NFTModel.swift */,
			);
			path = Entity;
			sourceTree = "<group>";
		};
		14FC0C6C2F0C595A0096D380 /* UseCases */ = {
			isa = PBXGroup;
			children = (
				14FC0C6A2F0C595A0096D380 /* GetCollectionsUseCase.swift */,
				14FC0C6B2F0C595A0096D380 /* GetNFTsUseCase.swift */,
			);
			path = UseCases;
			sourceTree = "<group>";
		};
		14FC0C6D2F0C595A0096D380 /* Domain */ = {
			isa = PBXGroup;
			children = (
				14FC0C692F0C595A0096D380 /* Entity */,
				14FC0C6C2F0C595A0096D380 /* UseCases */,
			);
			path = Domain;
			sourceTree = "<group>";
		};
		14FC0C702F0C595A0096D380 /* ViewModels */ = {
			isa = PBXGroup;
			children = (
				1761B6A72F34D11C0097CADB /* NFTCardViewModel.swift */,
				14FC0C6E2F0C595A0096D380 /* CollectionNFTsViewModel.swift */,
				14FC0C6F2F0C595A0096D380 /* HomeViewModel.swift */,
			);
			path = ViewModels;
			sourceTree = "<group>";
		};
		14FC0C722F0C595A0096D380 /* HomeHeader */ = {
			isa = PBXGroup;
			children = (
				14FC0C712F0C595A0096D380 /* HomeHeaderView.swift */,
			);
			path = HomeHeader;
			sourceTree = "<group>";
		};
		14FC0C752F0C595A0096D380 /* LatestDrops */ = {
			isa = PBXGroup;
			children = (
				14FC0C732F0C595A0096D380 /* NFTItemCardView.swift */,
				14FC0C742F0C595A0096D380 /* NFTItemListView.swift */,
			);
			path = LatestDrops;
			sourceTree = "<group>";
		};
		14FC0C7D2F0C595A0096D380 /* TrendingCollection */ = {
			isa = PBXGroup;
			children = (
				14FC0C762F0C595A0096D380 /* CollectionCardVIew.swift */,
				14FC0C772F0C595A0096D380 /* CollectionContainerListView.swift */,
				14FC0C782F0C595A0096D380 /* CollectionContainerView.swift */,
				14FC0C792F0C595A0096D380 /* CollectionInfoView.swift */,
				14FC0C7A2F0C595A0096D380 /* CollectionListView.swift */,
				14FC0C7B2F0C595A0096D380 /* CollectionProfileView.swift */,
				14FC0C7C2F0C595A0096D380 /* TrendingView.swift */,
			);
			path = TrendingCollection;
			sourceTree = "<group>";
		};
		14FC0C7F2F0C595A0096D380 /* Views */ = {
			isa = PBXGroup;
			children = (
				177EF9FE2F28D3BC002A0FF1 /* CustomNFT */,
				14FC0C722F0C595A0096D380 /* HomeHeader */,
				14FC0C752F0C595A0096D380 /* LatestDrops */,
				14FC0C7D2F0C595A0096D380 /* TrendingCollection */,
				14FC0C7E2F0C595A0096D380 /* HomeView.swift */,
			);
			path = Views;
			sourceTree = "<group>";
		};
		14FC0C802F0C595A0096D380 /* Presentation */ = {
			isa = PBXGroup;
			children = (
				14FC0C702F0C595A0096D380 /* ViewModels */,
				14FC0C7F2F0C595A0096D380 /* Views */,
			);
			path = Presentation;
			sourceTree = "<group>";
		};
		14FC0C812F0C595A0096D380 /* Home */ = {
			isa = PBXGroup;
			children = (
				14FC0C662F0C595A0096D380 /* Data */,
				14FC0C6D2F0C595A0096D380 /* Domain */,
				14FC0C802F0C595A0096D380 /* Presentation */,
			);
			path = Home;
			sourceTree = "<group>";
		};
		14FC0C852F0C595A0096D380 /* Repository */ = {
			isa = PBXGroup;
			children = (
				14FC0C822F0C595A0096D380 /* SearchRemoteDataSourceProtocol.swift */,
				14FC0C832F0C595A0096D380 /* SearchRepository.swift */,
				14FC0C842F0C595A0096D380 /* SearchRepositoryProtocol.swift */,
			);
			path = Repository;
			sourceTree = "<group>";
		};
		14FC0C872F0C595A0096D380 /* Responses */ = {
			isa = PBXGroup;
			children = (
				14FC0C862F0C595A0096D380 /* OpenSeaRemoteDataSource.swift */,
			);
			path = Responses;
			sourceTree = "<group>";
		};
		14FC0C882F0C595A0096D380 /* Data */ = {
			isa = PBXGroup;
			children = (
				14FC0C852F0C595A0096D380 /* Repository */,
				14FC0C872F0C595A0096D380 /* Responses */,
			);
			path = Data;
			sourceTree = "<group>";
		};
		14FC0C8C2F0C595A0096D380 /* UseCases */ = {
			isa = PBXGroup;
			children = (
				14FD13A12F0FAE03003A7C8D /* FetchRecentCollectionsUseCase.swift */,
				14A84A8B2F0EB2D9008D79C4 /* SearchRecentCollectionsUseCase.swift */,
				14FC0C8A2F0C595A0096D380 /* SearchCollectionsUseCase.swift */,
				14FC0C8B2F0C595A0096D380 /* SearchNFTsUseCase.swift */,
			);
			path = UseCases;
			sourceTree = "<group>";
		};
		14FC0C8D2F0C595A0096D380 /* Domain */ = {
			isa = PBXGroup;
			children = (
				14FC0C8C2F0C595A0096D380 /* UseCases */,
			);
			path = Domain;
			sourceTree = "<group>";
		};
		14FC0C8F2F0C595A0096D380 /* RecentCollections */ = {
			isa = PBXGroup;
			children = (
				14A84A892F0E7252008D79C4 /* SearchBarView.swift */,
				14A84A872F0E70BC008D79C4 /* RecentCollectionCardView.swift */,
				14FC0C8E2F0C595A0096D380 /* SearchRecentCollectionsSection.swift */,
			);
			path = RecentCollections;
			sourceTree = "<group>";
		};
		14FC0C922F0C595A0096D380 /* SearchHeader */ = {
			isa = PBXGroup;
			children = (
				14FC0C902F0C595A0096D380 /* SearchFilterChipsView.swift */,
				14FC0C912F0C595A0096D380 /* SearchHeaderView.swift */,
			);
			path = SearchHeader;
			sourceTree = "<group>";
		};
		14FC0C962F0C595A0096D380 /* ViewElements */ = {
			isa = PBXGroup;
			children = (
				14FC0C932F0C595A0096D380 /* ActionButton.swift */,
				14FC0C942F0C595A0096D380 /* NFTCollectionCardView.swift */,
				14FC0C952F0C595A0096D380 /* SearchTopSearchSection.swift */,
			);
			path = ViewElements;
			sourceTree = "<group>";
		};
		14FC0C982F0C595A0096D380 /* ViewModels */ = {
			isa = PBXGroup;
			children = (
				14FC0C972F0C595A0096D380 /* SearchViewModel.swift */,
			);
			path = ViewModels;
			sourceTree = "<group>";
		};
		14FC0C9A2F0C595A0096D380 /* Presentation */ = {
			isa = PBXGroup;
			children = (
				14FC0C922F0C595A0096D380 /* SearchHeader */,
				14FC0C8F2F0C595A0096D380 /* RecentCollections */,
				14FC0C962F0C595A0096D380 /* ViewElements */,
				14FC0C982F0C595A0096D380 /* ViewModels */,
				14FC0C992F0C595A0096D380 /* SearchPageView.swift */,
			);
			path = Presentation;
			sourceTree = "<group>";
		};
		14FC0C9B2F0C595A0096D380 /* Search */ = {
			isa = PBXGroup;
			children = (
				14FC0C882F0C595A0096D380 /* Data */,
				14FC0C8D2F0C595A0096D380 /* Domain */,
				14FC0C9A2F0C595A0096D380 /* Presentation */,
			);
			path = Search;
			sourceTree = "<group>";
		};
		14FC0C9E2F0C595A0096D380 /* TabBar */ = {
			isa = PBXGroup;
			children = (
				14FC0C9C2F0C595A0096D380 /* RoundedCorner.swift */,
				14FC0C9D2F0C595A0096D380 /* TabbedItems.swift */,
			);
			path = TabBar;
			sourceTree = "<group>";
		};
		14FC0C9F2F0C595A0096D380 /* Features */ = {
			isa = PBXGroup;
			children = (
				14FC0C812F0C595A0096D380 /* Home */,
				14FC0C9B2F0C595A0096D380 /* Search */,
				14FC0C9E2F0C595A0096D380 /* TabBar */,
			);
			path = Features;
			sourceTree = "<group>";
		};
		14FC0CA52F0C595A0096D380 /* base */ = {
			isa = PBXGroup;
			children = (
				14FC0CA12F0C595A0096D380 /* Endpoint.swift */,
				14FC0CA22F0C595A0096D380 /* HTTPMethod.swift */,
				14FC0CA32F0C595A0096D380 /* NetworkService.swift */,
				14FC0CA42F0C595A0096D380 /* NetworkServiceProtocol.swift */,
			);
			path = base;
			sourceTree = "<group>";
		};
		14FC0CA82F0C595A0096D380 /* DataSources */ = {
			isa = PBXGroup;
			children = (
				14FC0CA62F0C595A0096D380 /* HomeRemoteDataSourceProtocol.swift */,
				14FC0CA72F0C595A0096D380 /* RemoteDataSourceProtocol.swift */,
			);
			path = DataSources;
			sourceTree = "<group>";
		};
		14FC0CAB2F0C595A0096D380 /* DTO */ = {
			isa = PBXGroup;
			children = (
				14FC0CA92F0C595A0096D380 /* CollectionDTO.swift */,
				14FC0CAA2F0C595A0096D380 /* NFTDTO.swift */,
			);
			path = DTO;
			sourceTree = "<group>";
		};
		14FC0CAE2F0C595A0096D380 /* Endpoints */ = {
			isa = PBXGroup;
			children = (
				14FC0CAC2F0C595A0096D380 /* EndpointType.swift */,
				14FC0CAD2F0C595A0096D380 /* OpenSeaEndpoint.swift */,
			);
			path = Endpoints;
			sourceTree = "<group>";
		};
		14FC0CB12F0C595A0096D380 /* Responses */ = {
			isa = PBXGroup;
			children = (
				14FC0CAF2F0C595A0096D380 /* CollectionsResponseDTO.swift */,
				14FC0CB02F0C595A0096D380 /* NFTResponseDTO.swift */,
			);
			path = Responses;
			sourceTree = "<group>";
		};
		14FC0CB32F0C595A0096D380 /* Network */ = {
			isa = PBXGroup;
			children = (
				14FC0CA52F0C595A0096D380 /* base */,
				14FC0CA82F0C595A0096D380 /* DataSources */,
				14FC0CAB2F0C595A0096D380 /* DTO */,
				14FC0CAE2F0C595A0096D380 /* Endpoints */,
				14FC0CB12F0C595A0096D380 /* Responses */,
				14FC0CB22F0C595A0096D380 /* NetworkManager.swift */,
			);
			path = Network;
			sourceTree = "<group>";
		};
		14FC0CB62F0C595A0096D380 /* Resources */ = {
			isa = PBXGroup;
			children = (
				14FC0CB42F0C595A0096D380 /* Assets.xcassets */,
				14FC0CB52F0C595A0096D380 /* Storyboard.storyboard */,
			);
			path = Resources;
			sourceTree = "<group>";
		};
		14FC0CBB2F0C595A0096D380 /* NextNFT */ = {
			isa = PBXGroup;
			children = (
				14A672D72F2143CA00B7B599 /* Assets */,
				14FC0C5E2F0C595A0096D380 /* App */,
				14FC0C632F0C595A0096D380 /* Extensions */,
				14FC0C9F2F0C595A0096D380 /* Features */,
				14FC0CB32F0C595A0096D380 /* Network */,
				14FC0CB62F0C595A0096D380 /* Resources */,
				14FC0CB92F0C595A0096D380 /* ContentView.swift */,
			);
			path = NextNFT;
			sourceTree = "<group>";
		};
		177EF9FE2F28D3BC002A0FF1 /* CustomNFT */ = {
			isa = PBXGroup;
			children = (
				17AFE13C2F2A4CB20015483D /* NFTCarouselView.swift */,
				177EF9FF2F28D3DD002A0FF1 /* CustomNFTCardView.swift */,
			);
			path = CustomNFT;
			sourceTree = "<group>";
		};
/* End PBXGroup section */

/* Begin PBXNativeTarget section */
		141169552F08341600E70061 /* NextNFTTests */ = {
			isa = PBXNativeTarget;
			buildConfigurationList = 1411695C2F08341600E70061 /* Build configuration list for PBXNativeTarget "NextNFTTests" */;
			buildPhases = (
				141169522F08341600E70061 /* Sources */,
				141169532F08341600E70061 /* Frameworks */,
				141169542F08341600E70061 /* Resources */,
			);
			buildRules = (
			);
			dependencies = (
				1411695B2F08341600E70061 /* PBXTargetDependency */,
			);
			fileSystemSynchronizedGroups = (
				141169572F08341600E70061 /* NextNFTTests */,
			);
			name = NextNFTTests;
			packageProductDependencies = (
			);
			productName = NextNFTTests;
			productReference = 141169562F08341600E70061 /* NextNFTTests.xctest */;
			productType = "com.apple.product-type.bundle.unit-test";
		};
		1488C12E2E24063F005FD00C /* NextNFT */ = {
			isa = PBXNativeTarget;
			buildConfigurationList = 1488C13A2E240640005FD00C /* Build configuration list for PBXNativeTarget "NextNFT" */;
			buildPhases = (
				1488C12B2E24063F005FD00C /* Sources */,
				1488C12C2E24063F005FD00C /* Frameworks */,
				1488C12D2E24063F005FD00C /* Resources */,
			);
			buildRules = (
			);
			dependencies = (
			);
			fileSystemSynchronizedGroups = (
				14A672D72F2143CA00B7B599 /* Assets */,
			);
			name = NextNFT;
			packageProductDependencies = (
				149D5ECD2E5CBBCE00F1730F /* FirebaseAI */,
				149D5ECF2E5CBBCE00F1730F /* FirebaseAnalytics */,
				149D5ED12E5CBBCE00F1730F /* FirebaseAnalyticsCore */,
				149D5ED32E5CBBCE00F1730F /* FirebaseAnalyticsIdentitySupport */,
				149D5ED52E5CBBCE00F1730F /* FirebaseAppCheck */,
				14BA7DE32E610055009B013D /* FirebaseCore */,
				14C0FCBD2E61E97000F0CBE7 /* FirebaseDatabase */,
				14C0FCC02E61EDA800F0CBE7 /* Algorithms */,
			);
			productName = NextNFT;
			productReference = 1488C12F2E24063F005FD00C /* NextNFT.app */;
			productType = "com.apple.product-type.application";
		};
/* End PBXNativeTarget section */

/* Begin PBXProject section */
		1488C1272E24063F005FD00C /* Project object */ = {
			isa = PBXProject;
			attributes = {
				BuildIndependentTargetsInParallel = 1;
				LastSwiftUpdateCheck = 2620;
				LastUpgradeCheck = 2610;
				TargetAttributes = {
					141169552F08341600E70061 = {
						CreatedOnToolsVersion = 26.2;
						TestTargetID = 1488C12E2E24063F005FD00C;
					};
					1488C12E2E24063F005FD00C = {
						CreatedOnToolsVersion = 16.4;
					};
				};
			};
			buildConfigurationList = 1488C12A2E24063F005FD00C /* Build configuration list for PBXProject "NextNFT" */;
			developmentRegion = en;
			hasScannedForEncodings = 0;
			knownRegions = (
				en,
				Base,
			);
			mainGroup = 1488C1262E24063F005FD00C;
			minimizedProjectReferenceProxies = 1;
			packageReferences = (
				149D5ECC2E5CA97400F1730F /* XCRemoteSwiftPackageReference "firebase-ios-sdk" */,
				14C0FCBF2E61EDA800F0CBE7 /* XCRemoteSwiftPackageReference "swift-algorithms" */,
			);
			preferredProjectObjectVersion = 77;
			productRefGroup = 1488C1302E24063F005FD00C /* Products */;
			projectDirPath = "";
			projectRoot = "";
			targets = (
				1488C12E2E24063F005FD00C /* NextNFT */,
				141169552F08341600E70061 /* NextNFTTests */,
			);
		};
/* End PBXProject section */

/* Begin PBXResourcesBuildPhase section */
		141169542F08341600E70061 /* Resources */ = {
			isa = PBXResourcesBuildPhase;
			buildActionMask = 2147483647;
			files = (
				177EF9FC2F28C1A8002A0FF1 /* GoogleService-Info.plist in Resources */,
			);
			runOnlyForDeploymentPostprocessing = 0;
		};
		1488C12D2E24063F005FD00C /* Resources */ = {
			isa = PBXResourcesBuildPhase;
			buildActionMask = 2147483647;
			files = (
				14FC0CEF2F0C595A0096D380 /* Assets.xcassets in Resources */,
				14FC0CF02F0C595A0096D380 /* Storyboard.storyboard in Resources */,
				177EF9FB2F28C1A8002A0FF1 /* GoogleService-Info.plist in Resources */,
			);
			runOnlyForDeploymentPostprocessing = 0;
		};
/* End PBXResourcesBuildPhase section */

/* Begin PBXSourcesBuildPhase section */
		141169522F08341600E70061 /* Sources */ = {
			isa = PBXSourcesBuildPhase;
			buildActionMask = 2147483647;
			files = (
			);
			runOnlyForDeploymentPostprocessing = 0;
		};
		1488C12B2E24063F005FD00C /* Sources */ = {
			isa = PBXSourcesBuildPhase;
			buildActionMask = 2147483647;
			files = (
				14FC0CBC2F0C595A0096D380 /* NextNFTApp.swift in Sources */,
				14FC0CBD2F0C595A0096D380 /* AppColors.swift in Sources */,
				14FC0CBE2F0C595A0096D380 /* CustomButtonModifier.swift in Sources */,
				14A84A8A2F0E7253008D79C4 /* SearchBarView.swift in Sources */,
				14FC0CBF2F0C595A0096D380 /* HomeRepository.swift in Sources */,
				14FC0CC02F0C595A0096D380 /* NFTCollection.swift in Sources */,
				14FC0CC12F0C595A0096D380 /* NFTModel.swift in Sources */,
				14FC0CC22F0C595A0096D380 /* GetCollectionsUseCase.swift in Sources */,
				14FC0CC32F0C595A0096D380 /* GetNFTsUseCase.swift in Sources */,
				14FC0CC42F0C595A0096D380 /* CollectionNFTsViewModel.swift in Sources */,
				14FC0CC52F0C595A0096D380 /* HomeViewModel.swift in Sources */,
				14FC0CC62F0C595A0096D380 /* HomeHeaderView.swift in Sources */,
				14FC0CC72F0C595A0096D380 /* NFTItemCardView.swift in Sources */,
				14FC0CC82F0C595A0096D380 /* NFTItemListView.swift in Sources */,
				14FC0CC92F0C595A0096D380 /* CollectionCardVIew.swift in Sources */,
				14FC0CCA2F0C595A0096D380 /* CollectionContainerListView.swift in Sources */,
				14FC0CCB2F0C595A0096D380 /* CollectionContainerView.swift in Sources */,
				17AFE13D2F2A4CC30015483D /* NFTCarouselView.swift in Sources */,
				14FC0CCC2F0C595A0096D380 /* CollectionInfoView.swift in Sources */,
				14FC0CCD2F0C595A0096D380 /* CollectionListView.swift in Sources */,
				14FC0CCE2F0C595A0096D380 /* CollectionProfileView.swift in Sources */,
				14FC0CCF2F0C595A0096D380 /* TrendingView.swift in Sources */,
				14FC0CD02F0C595A0096D380 /* HomeView.swift in Sources */,
				14FC0CD12F0C595A0096D380 /* SearchRemoteDataSourceProtocol.swift in Sources */,
				14FC0CD22F0C595A0096D380 /* SearchRepository.swift in Sources */,
				14FC0CD32F0C595A0096D380 /* SearchRepositoryProtocol.swift in Sources */,
				14FC0CD42F0C595A0096D380 /* OpenSeaRemoteDataSource.swift in Sources */,
				1761B6A82F34D11E0097CADB /* NFTCardViewModel.swift in Sources */,
				14FC0CD52F0C595A0096D380 /* SearchCollectionsUseCase.swift in Sources */,
				14FC0CD62F0C595A0096D380 /* SearchNFTsUseCase.swift in Sources */,
				14FC0CD72F0C595A0096D380 /* SearchRecentCollectionsSection.swift in Sources */,
				177EFA002F28D419002A0FF1 /* CustomNFTCardView.swift in Sources */,
				14FC0CD82F0C595A0096D380 /* SearchFilterChipsView.swift in Sources */,
				14FC0CD92F0C595A0096D380 /* SearchHeaderView.swift in Sources */,
				14FC0CDA2F0C595A0096D380 /* ActionButton.swift in Sources */,
				14FC0CDB2F0C595A0096D380 /* NFTCollectionCardView.swift in Sources */,
				1761B6A62F34B44A0097CADB /* ImageColorAnalyzer.swift in Sources */,
				14FC0CDC2F0C595A0096D380 /* SearchTopSearchSection.swift in Sources */,
				14FC0CDD2F0C595A0096D380 /* SearchViewModel.swift in Sources */,
				14FC0CDE2F0C595A0096D380 /* SearchPageView.swift in Sources */,
				14A84A882F0E70BE008D79C4 /* RecentCollectionCardView.swift in Sources */,
				14FC0CDF2F0C595A0096D380 /* RoundedCorner.swift in Sources */,
				14FC0CE02F0C595A0096D380 /* TabbedItems.swift in Sources */,
				14A84A8C2F0EB2E1008D79C4 /* SearchRecentCollectionsUseCase.swift in Sources */,
				14FC0CE12F0C595A0096D380 /* Endpoint.swift in Sources */,
				14FC0CE22F0C595A0096D380 /* HTTPMethod.swift in Sources */,
				14FC0CE32F0C595A0096D380 /* NetworkService.swift in Sources */,
				14FC0CE42F0C595A0096D380 /* NetworkServiceProtocol.swift in Sources */,
				14FC0CE52F0C595A0096D380 /* HomeRemoteDataSourceProtocol.swift in Sources */,
				14FC0CE62F0C595A0096D380 /* RemoteDataSourceProtocol.swift in Sources */,
				14FC0CE72F0C595A0096D380 /* CollectionDTO.swift in Sources */,
				14FC0CE82F0C595A0096D380 /* NFTDTO.swift in Sources */,
				14FC0CE92F0C595A0096D380 /* EndpointType.swift in Sources */,
				14FC0CEA2F0C595A0096D380 /* OpenSeaEndpoint.swift in Sources */,
				14FC0CEB2F0C595A0096D380 /* CollectionsResponseDTO.swift in Sources */,
				14FC0CEC2F0C595A0096D380 /* NFTResponseDTO.swift in Sources */,
				14FC0CED2F0C595A0096D380 /* NetworkManager.swift in Sources */,
				14FD13A22F0FAE05003A7C8D /* FetchRecentCollectionsUseCase.swift in Sources */,
				14FC0CEE2F0C595A0096D380 /* ContentView.swift in Sources */,
			);
			runOnlyForDeploymentPostprocessing = 0;
		};
/* End PBXSourcesBuildPhase section */

/* Begin PBXTargetDependency section */
		1411695B2F08341600E70061 /* PBXTargetDependency */ = {
			isa = PBXTargetDependency;
			target = 1488C12E2E24063F005FD00C /* NextNFT */;
			targetProxy = 1411695A2F08341600E70061 /* PBXContainerItemProxy */;
		};
/* End PBXTargetDependency section */

/* Begin XCBuildConfiguration section */
		1411695D2F08341600E70061 /* Debug */ = {
			isa = XCBuildConfiguration;
			buildSettings = {
				BUNDLE_LOADER = "$(TEST_HOST)";
				CODE_SIGN_STYLE = Automatic;
				CURRENT_PROJECT_VERSION = 1;
				DEVELOPMENT_TEAM = BWM868S4PF;
				GENERATE_INFOPLIST_FILE = YES;
				IPHONEOS_DEPLOYMENT_TARGET = 26.2;
				MARKETING_VERSION = 1.0;
				PRODUCT_BUNDLE_IDENTIFIER = nini.NextNFTTests;
				PRODUCT_NAME = "$(TARGET_NAME)";
				STRING_CATALOG_GENERATE_SYMBOLS = NO;
				SWIFT_APPROACHABLE_CONCURRENCY = YES;
				SWIFT_EMIT_LOC_STRINGS = NO;
				SWIFT_UPCOMING_FEATURE_MEMBER_IMPORT_VISIBILITY = YES;
				SWIFT_VERSION = 5.0;
				TARGETED_DEVICE_FAMILY = "1,2";
				TEST_HOST = "$(BUILT_PRODUCTS_DIR)/NextNFT.app/$(BUNDLE_EXECUTABLE_FOLDER_PATH)/NextNFT";
			};
			name = Debug;
		};
		1411695E2F08341600E70061 /* Release */ = {
			isa = XCBuildConfiguration;
			buildSettings = {
				BUNDLE_LOADER = "$(TEST_HOST)";
				CODE_SIGN_STYLE = Automatic;
				CURRENT_PROJECT_VERSION = 1;
				DEVELOPMENT_TEAM = BWM868S4PF;
				GENERATE_INFOPLIST_FILE = YES;
				IPHONEOS_DEPLOYMENT_TARGET = 26.2;
				MARKETING_VERSION = 1.0;
				PRODUCT_BUNDLE_IDENTIFIER = nini.NextNFTTests;
				PRODUCT_NAME = "$(TARGET_NAME)";
				STRING_CATALOG_GENERATE_SYMBOLS = NO;
				SWIFT_APPROACHABLE_CONCURRENCY = YES;
				SWIFT_EMIT_LOC_STRINGS = NO;
				SWIFT_UPCOMING_FEATURE_MEMBER_IMPORT_VISIBILITY = YES;
				SWIFT_VERSION = 5.0;
				TARGETED_DEVICE_FAMILY = "1,2";
				TEST_HOST = "$(BUILT_PRODUCTS_DIR)/NextNFT.app/$(BUNDLE_EXECUTABLE_FOLDER_PATH)/NextNFT";
			};
			name = Release;
		};
		1488C1382E240640005FD00C /* Debug */ = {
			isa = XCBuildConfiguration;
			buildSettings = {
				ALWAYS_SEARCH_USER_PATHS = NO;
				ASSETCATALOG_COMPILER_GENERATE_SWIFT_ASSET_SYMBOL_EXTENSIONS = YES;
				CLANG_ANALYZER_NONNULL = YES;
				CLANG_ANALYZER_NUMBER_OBJECT_CONVERSION = YES_AGGRESSIVE;
				CLANG_CXX_LANGUAGE_STANDARD = "gnu++20";
				CLANG_ENABLE_MODULES = YES;
				CLANG_ENABLE_OBJC_ARC = YES;
				CLANG_ENABLE_OBJC_WEAK = YES;
				CLANG_WARN_BLOCK_CAPTURE_AUTORELEASING = YES;
				CLANG_WARN_BOOL_CONVERSION = YES;
				CLANG_WARN_COMMA = YES;
				CLANG_WARN_CONSTANT_CONVERSION = YES;
				CLANG_WARN_DEPRECATED_OBJC_IMPLEMENTATIONS = YES;
				CLANG_WARN_DIRECT_OBJC_ISA_USAGE = YES_ERROR;
				CLANG_WARN_DOCUMENTATION_COMMENTS = YES;
				CLANG_WARN_EMPTY_BODY = YES;
				CLANG_WARN_ENUM_CONVERSION = YES;
				CLANG_WARN_INFINITE_RECURSION = YES;
				CLANG_WARN_INT_CONVERSION = YES;
				CLANG_WARN_NON_LITERAL_NULL_CONVERSION = YES;
				CLANG_WARN_OBJC_IMPLICIT_RETAIN_SELF = YES;
				CLANG_WARN_OBJC_LITERAL_CONVERSION = YES;
				CLANG_WARN_OBJC_ROOT_CLASS = YES_ERROR;
				CLANG_WARN_QUOTED_INCLUDE_IN_FRAMEWORK_HEADER = YES;
				CLANG_WARN_RANGE_LOOP_ANALYSIS = YES;
				CLANG_WARN_STRICT_PROTOTYPES = YES;
				CLANG_WARN_SUSPICIOUS_MOVE = YES;
				CLANG_WARN_UNGUARDED_AVAILABILITY = YES_AGGRESSIVE;
				CLANG_WARN_UNREACHABLE_CODE = YES;
				CLANG_WARN__DUPLICATE_METHOD_MATCH = YES;
				COPY_PHASE_STRIP = NO;
				DEBUG_INFORMATION_FORMAT = dwarf;
				DEVELOPMENT_TEAM = BWM868S4PF;
				ENABLE_STRICT_OBJC_MSGSEND = YES;
				ENABLE_TESTABILITY = YES;
				ENABLE_USER_SCRIPT_SANDBOXING = YES;
				GCC_C_LANGUAGE_STANDARD = gnu17;
				GCC_DYNAMIC_NO_PIC = NO;
				GCC_NO_COMMON_BLOCKS = YES;
				GCC_OPTIMIZATION_LEVEL = 0;
				GCC_PREPROCESSOR_DEFINITIONS = (
					"DEBUG=1",
					"$(inherited)",
				);
				GCC_WARN_64_TO_32_BIT_CONVERSION = YES;
				GCC_WARN_ABOUT_RETURN_TYPE = YES_ERROR;
				GCC_WARN_UNDECLARED_SELECTOR = YES;
				GCC_WARN_UNINITIALIZED_AUTOS = YES_AGGRESSIVE;
				GCC_WARN_UNUSED_FUNCTION = YES;
				GCC_WARN_UNUSED_VARIABLE = YES;
				IPHONEOS_DEPLOYMENT_TARGET = 18.5;
				LOCALIZATION_PREFERS_STRING_CATALOGS = YES;
				MTL_ENABLE_DEBUG_INFO = INCLUDE_SOURCE;
				MTL_FAST_MATH = YES;
				ONLY_ACTIVE_ARCH = YES;
				SDKROOT = iphoneos;
				STRING_CATALOG_GENERATE_SYMBOLS = YES;
				SWIFT_ACTIVE_COMPILATION_CONDITIONS = "DEBUG $(inherited)";
				SWIFT_OPTIMIZATION_LEVEL = "-Onone";
			};
			name = Debug;
		};
		1488C1392E240640005FD00C /* Release */ = {
			isa = XCBuildConfiguration;
			buildSettings = {
				ALWAYS_SEARCH_USER_PATHS = NO;
				ASSETCATALOG_COMPILER_GENERATE_SWIFT_ASSET_SYMBOL_EXTENSIONS = YES;
				CLANG_ANALYZER_NONNULL = YES;
				CLANG_ANALYZER_NUMBER_OBJECT_CONVERSION = YES_AGGRESSIVE;
				CLANG_CXX_LANGUAGE_STANDARD = "gnu++20";
				CLANG_ENABLE_MODULES = YES;
				CLANG_ENABLE_OBJC_ARC = YES;
				CLANG_ENABLE_OBJC_WEAK = YES;
				CLANG_WARN_BLOCK_CAPTURE_AUTORELEASING = YES;
				CLANG_WARN_BOOL_CONVERSION = YES;
				CLANG_WARN_COMMA = YES;
				CLANG_WARN_CONSTANT_CONVERSION = YES;
				CLANG_WARN_DEPRECATED_OBJC_IMPLEMENTATIONS = YES;
				CLANG_WARN_DIRECT_OBJC_ISA_USAGE = YES_ERROR;
				CLANG_WARN_DOCUMENTATION_COMMENTS = YES;
				CLANG_WARN_EMPTY_BODY = YES;
				CLANG_WARN_ENUM_CONVERSION = YES;
				CLANG_WARN_INFINITE_RECURSION = YES;
				CLANG_WARN_INT_CONVERSION = YES;
				CLANG_WARN_NON_LITERAL_NULL_CONVERSION = YES;
				CLANG_WARN_OBJC_IMPLICIT_RETAIN_SELF = YES;
				CLANG_WARN_OBJC_LITERAL_CONVERSION = YES;
				CLANG_WARN_OBJC_ROOT_CLASS = YES_ERROR;
				CLANG_WARN_QUOTED_INCLUDE_IN_FRAMEWORK_HEADER = YES;
				CLANG_WARN_RANGE_LOOP_ANALYSIS = YES;
				CLANG_WARN_STRICT_PROTOTYPES = YES;
				CLANG_WARN_SUSPICIOUS_MOVE = YES;
				CLANG_WARN_UNGUARDED_AVAILABILITY = YES_AGGRESSIVE;
				CLANG_WARN_UNREACHABLE_CODE = YES;
				CLANG_WARN__DUPLICATE_METHOD_MATCH = YES;
				COPY_PHASE_STRIP = NO;
				DEBUG_INFORMATION_FORMAT = "dwarf-with-dsym";
				DEVELOPMENT_TEAM = BWM868S4PF;
				ENABLE_NS_ASSERTIONS = NO;
				ENABLE_STRICT_OBJC_MSGSEND = YES;
				ENABLE_USER_SCRIPT_SANDBOXING = YES;
				GCC_C_LANGUAGE_STANDARD = gnu17;
				GCC_NO_COMMON_BLOCKS = YES;
				GCC_WARN_64_TO_32_BIT_CONVERSION = YES;
				GCC_WARN_ABOUT_RETURN_TYPE = YES_ERROR;
				GCC_WARN_UNDECLARED_SELECTOR = YES;
				GCC_WARN_UNINITIALIZED_AUTOS = YES_AGGRESSIVE;
				GCC_WARN_UNUSED_FUNCTION = YES;
				GCC_WARN_UNUSED_VARIABLE = YES;
				IPHONEOS_DEPLOYMENT_TARGET = 18.5;
				LOCALIZATION_PREFERS_STRING_CATALOGS = YES;
				MTL_ENABLE_DEBUG_INFO = NO;
				MTL_FAST_MATH = YES;
				SDKROOT = iphoneos;
				STRING_CATALOG_GENERATE_SYMBOLS = YES;
				SWIFT_COMPILATION_MODE = wholemodule;
				VALIDATE_PRODUCT = YES;
			};
			name = Release;
		};
		1488C13B2E240640005FD00C /* Debug */ = {
			isa = XCBuildConfiguration;
			buildSettings = {
				ASSETCATALOG_COMPILER_APPICON_NAME = AppIcon;
				ASSETCATALOG_COMPILER_GLOBAL_ACCENT_COLOR_NAME = AccentColor;
				ASSETCATALOG_COMPILER_INCLUDE_ALL_APPICON_ASSETS = NO;
				CODE_SIGN_STYLE = Automatic;
				CURRENT_PROJECT_VERSION = 1;
				DEVELOPMENT_TEAM = BWM868S4PF;
				ENABLE_PREVIEWS = YES;
				GENERATE_INFOPLIST_FILE = YES;
				INFOPLIST_KEY_UIApplicationSceneManifest_Generation = YES;
				INFOPLIST_KEY_UIApplicationSupportsIndirectInputEvents = YES;
				INFOPLIST_KEY_UILaunchScreen_Generation = YES;
				INFOPLIST_KEY_UILaunchStoryboardName = Storyboard;
				INFOPLIST_KEY_UISupportedInterfaceOrientations_iPad = "UIInterfaceOrientationPortrait UIInterfaceOrientationPortraitUpsideDown UIInterfaceOrientationLandscapeLeft UIInterfaceOrientationLandscapeRight";
				INFOPLIST_KEY_UISupportedInterfaceOrientations_iPhone = "UIInterfaceOrientationPortrait UIInterfaceOrientationLandscapeLeft UIInterfaceOrientationLandscapeRight";
				LD_RUNPATH_SEARCH_PATHS = (
					"$(inherited)",
					"@executable_path/Frameworks",
				);
				MARKETING_VERSION = 1.0;
				PRODUCT_BUNDLE_IDENTIFIER = nini.NextNFT;
				PRODUCT_NAME = "$(TARGET_NAME)";
				SWIFT_EMIT_LOC_STRINGS = YES;
				SWIFT_VERSION = 5.0;
				TARGETED_DEVICE_FAMILY = "1,2";
			};
			name = Debug;
		};
		1488C13C2E240640005FD00C /* Release */ = {
			isa = XCBuildConfiguration;
			buildSettings = {
				ASSETCATALOG_COMPILER_APPICON_NAME = AppIcon;
				ASSETCATALOG_COMPILER_GLOBAL_ACCENT_COLOR_NAME = AccentColor;
				ASSETCATALOG_COMPILER_INCLUDE_ALL_APPICON_ASSETS = NO;
				CODE_SIGN_STYLE = Automatic;
				CURRENT_PROJECT_VERSION = 1;
				DEVELOPMENT_TEAM = BWM868S4PF;
				ENABLE_PREVIEWS = YES;
				GENERATE_INFOPLIST_FILE = YES;
				INFOPLIST_KEY_UIApplicationSceneManifest_Generation = YES;
				INFOPLIST_KEY_UIApplicationSupportsIndirectInputEvents = YES;
				INFOPLIST_KEY_UILaunchScreen_Generation = YES;
				INFOPLIST_KEY_UILaunchStoryboardName = Storyboard;
				INFOPLIST_KEY_UISupportedInterfaceOrientations_iPad = "UIInterfaceOrientationPortrait UIInterfaceOrientationPortraitUpsideDown UIInterfaceOrientationLandscapeLeft UIInterfaceOrientationLandscapeRight";
				INFOPLIST_KEY_UISupportedInterfaceOrientations_iPhone = "UIInterfaceOrientationPortrait UIInterfaceOrientationLandscapeLeft UIInterfaceOrientationLandscapeRight";
				LD_RUNPATH_SEARCH_PATHS = (
					"$(inherited)",
					"@executable_path/Frameworks",
				);
				MARKETING_VERSION = 1.0;
				PRODUCT_BUNDLE_IDENTIFIER = nini.NextNFT;
				PRODUCT_NAME = "$(TARGET_NAME)";
				SWIFT_EMIT_LOC_STRINGS = YES;
				SWIFT_VERSION = 5.0;
				TARGETED_DEVICE_FAMILY = "1,2";
			};
			name = Release;
		};
/* End XCBuildConfiguration section */

/* Begin XCConfigurationList section */
		1411695C2F08341600E70061 /* Build configuration list for PBXNativeTarget "NextNFTTests" */ = {
			isa = XCConfigurationList;
			buildConfigurations = (
				1411695D2F08341600E70061 /* Debug */,
				1411695E2F08341600E70061 /* Release */,
			);
			defaultConfigurationIsVisible = 0;
			defaultConfigurationName = Release;
		};
		1488C12A2E24063F005FD00C /* Build configuration list for PBXProject "NextNFT" */ = {
			isa = XCConfigurationList;
			buildConfigurations = (
				1488C1382E240640005FD00C /* Debug */,
				1488C1392E240640005FD00C /* Release */,
			);
			defaultConfigurationIsVisible = 0;
			defaultConfigurationName = Release;
		};
		1488C13A2E240640005FD00C /* Build configuration list for PBXNativeTarget "NextNFT" */ = {
			isa = XCConfigurationList;
			buildConfigurations = (
				1488C13B2E240640005FD00C /* Debug */,
				1488C13C2E240640005FD00C /* Release */,
			);
			defaultConfigurationIsVisible = 0;
			defaultConfigurationName = Release;
		};
/* End XCConfigurationList section */

/* Begin XCRemoteSwiftPackageReference section */
		149D5ECC2E5CA97400F1730F /* XCRemoteSwiftPackageReference "firebase-ios-sdk" */ = {
			isa = XCRemoteSwiftPackageReference;
			repositoryURL = "https://github.com/firebase/firebase-ios-sdk";
			requirement = {
				kind = upToNextMajorVersion;
				minimumVersion = 12.1.0;
			};
		};
		14C0FCBF2E61EDA800F0CBE7 /* XCRemoteSwiftPackageReference "swift-algorithms" */ = {
			isa = XCRemoteSwiftPackageReference;
			repositoryURL = "https://github.com/apple/swift-algorithms.git";
			requirement = {
				kind = upToNextMajorVersion;
				minimumVersion = 1.2.1;
			};
		};
/* End XCRemoteSwiftPackageReference section */

/* Begin XCSwiftPackageProductDependency section */
		149D5ECD2E5CBBCE00F1730F /* FirebaseAI */ = {
			isa = XCSwiftPackageProductDependency;
			package = 149D5ECC2E5CA97400F1730F /* XCRemoteSwiftPackageReference "firebase-ios-sdk" */;
			productName = FirebaseAI;
		};
		149D5ECF2E5CBBCE00F1730F /* FirebaseAnalytics */ = {
			isa = XCSwiftPackageProductDependency;
			package = 149D5ECC2E5CA97400F1730F /* XCRemoteSwiftPackageReference "firebase-ios-sdk" */;
			productName = FirebaseAnalytics;
		};
		149D5ED12E5CBBCE00F1730F /* FirebaseAnalyticsCore */ = {
			isa = XCSwiftPackageProductDependency;
			package = 149D5ECC2E5CA97400F1730F /* XCRemoteSwiftPackageReference "firebase-ios-sdk" */;
			productName = FirebaseAnalyticsCore;
		};
		149D5ED32E5CBBCE00F1730F /* FirebaseAnalyticsIdentitySupport */ = {
			isa = XCSwiftPackageProductDependency;
			package = 149D5ECC2E5CA97400F1730F /* XCRemoteSwiftPackageReference "firebase-ios-sdk" */;
			productName = FirebaseAnalyticsIdentitySupport;
		};
		149D5ED52E5CBBCE00F1730F /* FirebaseAppCheck */ = {
			isa = XCSwiftPackageProductDependency;
			package = 149D5ECC2E5CA97400F1730F /* XCRemoteSwiftPackageReference "firebase-ios-sdk" */;
			productName = FirebaseAppCheck;
		};
		14BA7DE32E610055009B013D /* FirebaseCore */ = {
			isa = XCSwiftPackageProductDependency;
			package = 149D5ECC2E5CA97400F1730F /* XCRemoteSwiftPackageReference "firebase-ios-sdk" */;
			productName = FirebaseCore;
		};
		14C0FCBD2E61E97000F0CBE7 /* FirebaseDatabase */ = {
			isa = XCSwiftPackageProductDependency;
			package = 149D5ECC2E5CA97400F1730F /* XCRemoteSwiftPackageReference "firebase-ios-sdk" */;
			productName = FirebaseDatabase;
		};
		14C0FCC02E61EDA800F0CBE7 /* Algorithms */ = {
			isa = XCSwiftPackageProductDependency;
			package = 14C0FCBF2E61EDA800F0CBE7 /* XCRemoteSwiftPackageReference "swift-algorithms" */;
			productName = Algorithms;
		};
/* End XCSwiftPackageProductDependency section */
	};
	rootObject = 1488C1272E24063F005FD00C /* Project object */;
}
